
Microsoft Visual Studio Solution File, Format Version 12.00
# Visual Studio Version 17
VisualStudioVersion = 17.2.32526.322
MinimumVisualStudioVersion = 10.0.40219.1
Project("{FAE04EC0-301F-11D3-BF4B-00C04F79EFBC}") = "DOCCO INTF", "DOCCO INTF\DOCCO INTF.csproj", "{8C8D9EDB-12C8-4A15-A40E-E6DDBA85FC86}"
EndProject
Global
	GlobalSection(SolutionConfigurationPlatforms) = preSolution
		Debug|Any CPU = Debug|Any CPU
		Release|Any CPU = Release|Any CPU
	EndGlobalSection
	GlobalSection(ProjectConfigurationPlatforms) = postSolution
		{8C8D9EDB-12C8-4A15-A40E-E6DDBA85FC86}.Debug|Any CPU.ActiveCfg = Debug|Any CPU
		{8C8D9EDB-12C8-4A15-A40E-E6DDBA85FC86}.Debug|Any CPU.Build.0 = Debug|Any CPU
		{8C8D9EDB-12C8-4A15-A40E-E6DDBA85FC86}.Release|Any CPU.ActiveCfg = Release|Any CPU
		{8C8D9EDB-12C8-4A15-A40E-E6DDBA85FC86}.Release|Any CPU.Build.0 = Release|Any CPU
	EndGlobalSection
	GlobalSection(SolutionProperties) = preSolution
		HideSolutionNode = FALSE
	EndGlobalSection
	GlobalSection(ExtensibilityGlobals) = postSolution
		SolutionGuid = {4E97FEAB-13F6-4BC9-AB26-CAE321A725E9}
	EndGlobalSection
EndGlobal
